<?xml version="1.0" encoding="utf-8"?>
<Project ToolsVersion="4.0" xmlns="http://schemas.microsoft.com/developer/msbuild/2003">
  <ItemGroup>
    <ClCompile Include="jni\core\armhook.cpp" />
    <ClCompile Include="jni\core\common-help.cpp" />
    <ClCompile Include="jni\core\dotnet-hook.cpp" />
    <ClCompile Include="jni\core\game-plugin.cpp" />
    <ClCompile Include="jni\core\mono-help.cpp" />
    <ClCompile Include="jni\injector\injector.cpp" />
    <ClCompile Include="jni\injector\android-injector.cpp" />
    <ClCompile Include="jni\json\json_reader.cpp" />
    <ClCompile Include="jni\json\json_value.cpp" />
    <ClCompile Include="jni\json\json_writer.cpp" />
    <ClCompile Include="jni\core\JsonSerialize.cpp" />
  </ItemGroup>
  <ItemGroup>
    <ClInclude Include="jni\include\core\armhook.h" />
    <ClInclude Include="jni\include\core\common-help.h" />
    <ClInclude Include="jni\include\core\dotnet-hook.h" />
    <ClInclude Include="jni\include\core\game-plugin.h" />
    <ClInclude Include="jni\include\core\logger.h" />
    <ClInclude Include="jni\include\core\mono-help.h" />
    <ClInclude Include="jni\include\mono\jit\jit.h" />
    <ClInclude Include="jni\include\mono\metadata\appdomain.h" />
    <ClInclude Include="jni\include\mono\metadata\assembly.h" />
    <ClInclude Include="jni\include\mono\metadata\attrdefs.h" />
    <ClInclude Include="jni\include\mono\metadata\blob.h" />
    <ClInclude Include="jni\include\mono\metadata\class.h" />
    <ClInclude Include="jni\include\mono\metadata\debug-helpers.h" />
    <ClInclude Include="jni\include\mono\metadata\debug-mono-symfile.h" />
    <ClInclude Include="jni\include\mono\metadata\environment.h" />
    <ClInclude Include="jni\include\mono\metadata\exception.h" />
    <ClInclude Include="jni\include\mono\metadata\image.h" />
    <ClInclude Include="jni\include\mono\metadata\loader.h" />
    <ClInclude Include="jni\include\mono\metadata\metadata.h" />
    <ClInclude Include="jni\include\mono\metadata\mono-config.h" />
    <ClInclude Include="jni\include\mono\metadata\mono-debug.h" />
    <ClInclude Include="jni\include\mono\metadata\mono-gc.h" />
    <ClInclude Include="jni\include\mono\metadata\object.h" />
    <ClInclude Include="jni\include\mono\metadata\opcodes.h" />
    <ClInclude Include="jni\include\mono\metadata\profiler.h" />
    <ClInclude Include="jni\include\mono\metadata\reflection.h" />
    <ClInclude Include="jni\include\mono\metadata\row-indexes.h" />
    <ClInclude Include="jni\include\mono\metadata\sgen-bridge.h" />
    <ClInclude Include="jni\include\mono\metadata\threads.h" />
    <ClInclude Include="jni\include\mono\metadata\tokentype.h" />
    <ClInclude Include="jni\include\mono\metadata\verify.h" />
    <ClInclude Include="jni\include\mono\utils\mono-dl-fallback.h" />
    <ClInclude Include="jni\include\mono\utils\mono-error.h" />
    <ClInclude Include="jni\include\mono\utils\mono-logger.h" />
    <ClInclude Include="jni\include\mono\utils\mono-publib.h" />
    <ClInclude Include="jni\injector\android-injector.h" />
    <ClInclude Include="jni\json\json_tool.h" />
    <ClInclude Include="jni\include\json\allocator.h" />
    <ClInclude Include="jni\include\json\assertions.h" />
    <ClInclude Include="jni\include\json\autolink.h" />
    <ClInclude Include="jni\include\json\config.h" />
    <ClInclude Include="jni\include\json\features.h" />
    <ClInclude Include="jni\include\json\forwards.h" />
    <ClInclude Include="jni\include\json\json.h" />
    <ClInclude Include="jni\include\json\reader.h" />
    <ClInclude Include="jni\include\json\value.h" />
    <ClInclude Include="jni\include\json\version.h" />
    <ClInclude Include="jni\include\json\writer.h" />
    <ClInclude Include="jni\include\core\JsonSerialize.h" />
  </ItemGroup>
  <ItemGroup>
    <None Include="jni\include\mono\cil\opcode.def" />
    <None Include="jni\json\json_valueiterator.inl" />
  </ItemGroup>
</Project>